
Microsoft Visual Studio Solution File, Format Version 12.00
# Visual Studio Version 17
VisualStudioVersion = 17.4.33213.308
MinimumVisualStudioVersion = 10.0.40219.1
Project("{9A19103F-16F7-4668-BE54-9A1E7A4F7556}") = "Scintilla.NET.Gtk", "Scintilla.NET.Gtk\Scintilla.NET.Gtk.csproj", "{0EF494C4-366D-4601-B758-2D74F1EC64C0}"
EndProject
Global
	GlobalSection(SolutionConfigurationPlatforms) = preSolution
		Debug|Any CPU = Debug|Any CPU
		Release|Any CPU = Release|Any CPU
	EndGlobalSection
	GlobalSection(ProjectConfigurationPlatforms) = postSolution
		{0EF494C4-366D-4601-B758-2D74F1EC64C0}.Debug|Any CPU.ActiveCfg = Debug|Any CPU
		{0EF494C4-366D-4601-B758-2D74F1EC64C0}.Debug|Any CPU.Build.0 = Debug|Any CPU
		{0EF494C4-366D-4601-B758-2D74F1EC64C0}.Release|Any CPU.ActiveCfg = Release|Any CPU
		{0EF494C4-366D-4601-B758-2D74F1EC64C0}.Release|Any CPU.Build.0 = Release|Any CPU
	EndGlobalSection
	GlobalSection(SolutionProperties) = preSolution
		HideSolutionNode = FALSE
	EndGlobalSection
	GlobalSection(ExtensibilityGlobals) = postSolution
		SolutionGuid = {1FE504C4-0855-46D6-88B2-7D604333B840}
	EndGlobalSection
EndGlobal
